<Solution>
  <Folder Name="/src/">
    <Project Path="src/LookAway.App/LookAway.App.csproj">
      <Platform Project="x64" />
    </Project>
    <Project Path="src/LookAway.Core/LookAway.Core.csproj" />
    <Project Path="src/LookAway.Data/LookAway.Data.csproj" />
  </Folder>
  <Folder Name="/tests/">
    <Project Path="tests/LookAway.App.Tests/LookAway.App.Tests.csproj">
      <Platform Project="x64" />
    </Project>
    <Project Path="tests/LookAway.Core.Tests/LookAway.Core.Tests.csproj" />
    <Project Path="tests/LookAway.Data.Tests/LookAway.Data.Tests.csproj" />
  </Folder>
</Solution>
